
Microsoft Visual Studio Solution File, Format Version 12.00
# Visual Studio Version 16
VisualStudioVersion = 16.0.29326.143
MinimumVisualStudioVersion = 10.0.40219.1
Project("{FAE04EC0-301F-11D3-BF4B-00C04F79EFBC}") = "ChatApp", "ChatApp\ChatApp.csproj", "{5B620B6A-CF1A-431F-9BAF-18B3EA461DA2}"
EndProject
Global
	GlobalSection(SolutionConfigurationPlatforms) = preSolution
		Debug|Any CPU = Debug|Any CPU
		Release|Any CPU = Release|Any CPU
	EndGlobalSection
	GlobalSection(ProjectConfigurationPlatforms) = postSolution
		{5B620B6A-CF1A-431F-9BAF-18B3EA461DA2}.Debug|Any CPU.ActiveCfg = Debug|Any CPU
		{5B620B6A-CF1A-431F-9BAF-18B3EA461DA2}.Debug|Any CPU.Build.0 = Debug|Any CPU
		{5B620B6A-CF1A-431F-9BAF-18B3EA461DA2}.Release|Any CPU.ActiveCfg = Release|Any CPU
		{5B620B6A-CF1A-431F-9BAF-18B3EA461DA2}.Release|Any CPU.Build.0 = Release|Any CPU
	EndGlobalSection
	GlobalSection(SolutionProperties) = preSolution
		HideSolutionNode = FALSE
	EndGlobalSection
	GlobalSection(ExtensibilityGlobals) = postSolution
		SolutionGuid = {D462AEDB-CF20-4A9F-B71D-EF05E896D56A}
	EndGlobalSection
EndGlobal
